
Microsoft Visual Studio Solution File, Format Version 12.00
# Visual Studio 15
VisualStudioVersion = 15.0.27703.2000
MinimumVisualStudioVersion = 10.0.40219.1
Project("{FAE04EC0-301F-11D3-BF4B-00C04F79EFBC}") = "R3Prog_Final", "R3Prog_Final\R3Prog_Final.csproj", "{A6DF8156-C66B-4237-A821-FF4766368CCE}"
EndProject
Global
	GlobalSection(SolutionConfigurationPlatforms) = preSolution
		Debug|Any CPU = Debug|Any CPU
		Release|Any CPU = Release|Any CPU
	EndGlobalSection
	GlobalSection(ProjectConfigurationPlatforms) = postSolution
		{A6DF8156-C66B-4237-A821-FF4766368CCE}.Debug|Any CPU.ActiveCfg = Debug|Any CPU
		{A6DF8156-C66B-4237-A821-FF4766368CCE}.Debug|Any CPU.Build.0 = Debug|Any CPU
		{A6DF8156-C66B-4237-A821-FF4766368CCE}.Release|Any CPU.ActiveCfg = Release|Any CPU
		{A6DF8156-C66B-4237-A821-FF4766368CCE}.Release|Any CPU.Build.0 = Release|Any CPU
	EndGlobalSection
	GlobalSection(SolutionProperties) = preSolution
		HideSolutionNode = FALSE
	EndGlobalSection
	GlobalSection(ExtensibilityGlobals) = postSolution
		SolutionGuid = {9A27EB70-B132-4580-A3C0-9386E10BDD51}
	EndGlobalSection
EndGlobal
